
Microsoft Visual Studio Solution File, Format Version 12.00
# Visual Studio Version 17
VisualStudioVersion = 17.3.32929.385
MinimumVisualStudioVersion = 10.0.40219.1
Project("{FAE04EC0-301F-11D3-BF4B-00C04F79EFBC}") = "WPF_HW1", "WPF_HW1.csproj", "{3309A8B3-F17E-4443-9461-09EFCC4470A6}"
EndProject
Global
	GlobalSection(SolutionConfigurationPlatforms) = preSolution
		Debug|Any CPU = Debug|Any CPU
		Release|Any CPU = Release|Any CPU
	EndGlobalSection
	GlobalSection(ProjectConfigurationPlatforms) = postSolution
		{3309A8B3-F17E-4443-9461-09EFCC4470A6}.Debug|Any CPU.ActiveCfg = Debug|Any CPU
		{3309A8B3-F17E-4443-9461-09EFCC4470A6}.Debug|Any CPU.Build.0 = Debug|Any CPU
		{3309A8B3-F17E-4443-9461-09EFCC4470A6}.Release|Any CPU.ActiveCfg = Release|Any CPU
		{3309A8B3-F17E-4443-9461-09EFCC4470A6}.Release|Any CPU.Build.0 = Release|Any CPU
	EndGlobalSection
	GlobalSection(SolutionProperties) = preSolution
		HideSolutionNode = FALSE
	EndGlobalSection
	GlobalSection(ExtensibilityGlobals) = postSolution
		SolutionGuid = {C0D984DD-654D-41C4-85A5-953922807BF4}
	EndGlobalSection
EndGlobal
